
Microsoft Visual Studio Solution File, Format Version 12.00
# Visual Studio 2012
Project("{8BC9CEB8-8B4A-11D0-8D11-00A0C91BC942}") = "Comprobacion", "Comprobacion\Comprobacion.vcxproj", "{85006690-701A-442B-B421-D8A5A48BA43F}"
EndProject
Global
	GlobalSection(SolutionConfigurationPlatforms) = preSolution
		Debug|Win32 = Debug|Win32
		Release|Win32 = Release|Win32
	EndGlobalSection
	GlobalSection(ProjectConfigurationPlatforms) = postSolution
		{85006690-701A-442B-B421-D8A5A48BA43F}.Debug|Win32.ActiveCfg = Debug|Win32
		{85006690-701A-442B-B421-D8A5A48BA43F}.Debug|Win32.Build.0 = Debug|Win32
		{85006690-701A-442B-B421-D8A5A48BA43F}.Release|Win32.ActiveCfg = Release|Win32
		{85006690-701A-442B-B421-D8A5A48BA43F}.Release|Win32.Build.0 = Release|Win32
	EndGlobalSection
	GlobalSection(SolutionProperties) = preSolution
		HideSolutionNode = FALSE
	EndGlobalSection
EndGlobal
